{
  "nodes": {
    "cl-nix-lite": {
      "locked": {
        "lastModified": 1698901928,
        "narHash": "sha256-gMHZybEVA3uMOBu1483gXfvUqpv4Qn7GJs3ZfCQYxpc=",
        "owner": "hraban",
        "repo": "cl-nix-lite",
        "rev": "9ad861b45bda7f59eba5ad1b43565a03c7c58553",
        "type": "github"
      },
      "original": {
        "owner": "hraban",
        "repo": "cl-nix-lite",
        "type": "github"
      }
    },
    "flake-compat": {
      "flake": false,
      "locked": {
        "lastModified": 1697816753,
        "narHash": "sha256-40to80AEIyKCQI0xMKCeF5ePoIKTYgjVVCZeu4CnTxM=",
        "owner": "hraban",
        "repo": "flake-compat",
        "rev": "6025bade1336a36014639bc3f67eacc853dab78f",
        "type": "github"
      },
      "original": {
        "owner": "hraban",
        "ref": "fixed-output",
        "repo": "flake-compat",
        "type": "github"
      }
    },
    "flake-utils": {
      "inputs": {
        "systems": "systems"
      },
      "locked": {
        "lastModified": 1694529238,
        "narHash": "sha256-zsNZZGTGnMOf9YpHKJqMSsa0dXbfmxeoJ7xHlrt+xmY=",
        "owner": "numtide",
        "repo": "flake-utils",
        "rev": "ff7b65b44d01cf9ba6a71320833626af21126384",
        "type": "github"
      },
      "original": {
        "id": "flake-utils",
        "type": "indirect"
      }
    },
    "home-manager": {
      "inputs": {
        "nixpkgs": [
          "nixpkgs"
        ]
      },
      "locked": {
        "lastModified": 1708806879,
        "narHash": "sha256-MSbxtF3RThI8ANs/G4o1zIqF5/XlShHvwjl9Ws0QAbI=",
        "owner": "nix-community",
        "repo": "home-manager",
        "rev": "4ee704cb13a5a7645436f400b9acc89a67b9c08a",
        "type": "github"
      },
      "original": {
        "owner": "nix-community",
        "ref": "master",
        "repo": "home-manager",
        "type": "github"
      }
    },
    "mac-app-util": {
      "inputs": {
        "cl-nix-lite": "cl-nix-lite",
        "flake-compat": "flake-compat",
        "flake-utils": "flake-utils",
        "nixpkgs": [
          "nixpkgs"
        ]
      },
      "locked": {
        "lastModified": 1707183497,
        "narHash": "sha256-K6LVwmM32uUEYXpDFCnwNqOyi863FRXR6KFq87X3iHg=",
        "owner": "hraban",
        "repo": "mac-app-util",
        "rev": "95d9c38d6dec0296d73929f63a7de130f435437b",
        "type": "github"
      },
      "original": {
        "owner": "hraban",
        "repo": "mac-app-util",
        "type": "github"
      }
    },
    "nixpkgs": {
      "locked": {
        "lastModified": 1708751719,
        "narHash": "sha256-0uWOKSpXJXmXswOvDM5Vk3blB74apFB6rNGWV5IjoN0=",
        "owner": "nixos",
        "repo": "nixpkgs",
        "rev": "f63ce824cd2f036216eb5f637dfef31e1a03ee89",
        "type": "github"
      },
      "original": {
        "owner": "nixos",
        "ref": "nixpkgs-unstable",
        "repo": "nixpkgs",
        "type": "github"
      }
    },
    "nur": {
      "locked": {
        "lastModified": 1708806201,
        "narHash": "sha256-kZv5LWZaR1N1Jz+3S3OBWadCXyOAdmi2heKfCmjmkYw=",
        "owner": "nix-community",
        "repo": "nur",
        "rev": "deb67c142317827d32256bb0df1fc96be237a177",
        "type": "github"
      },
      "original": {
        "owner": "nix-community",
        "repo": "nur",
        "type": "github"
      }
    },
    "root": {
      "inputs": {
        "home-manager": "home-manager",
        "mac-app-util": "mac-app-util",
        "nixpkgs": "nixpkgs",
        "nur": "nur",
        "tomodachi94": "tomodachi94"
      }
    },
    "systems": {
      "locked": {
        "lastModified": 1681028828,
        "narHash": "sha256-Vy1rq5AaRuLzOxct8nz4T6wlgyUR7zLU309k9mBC768=",
        "owner": "nix-systems",
        "repo": "default",
        "rev": "da67096a3b9bf56a91d16901293e51ba5b49a27e",
        "type": "github"
      },
      "original": {
        "owner": "nix-systems",
        "repo": "default",
        "type": "github"
      }
    },
    "tomodachi94": {
      "inputs": {
        "nixpkgs": [
          "nixpkgs"
        ]
      },
      "locked": {
        "lastModified": 1709017645,
        "narHash": "sha256-KP0VE+nrSix3/Cl6Uzfef9L4ODD54b/GQmvWFTi32DU=",
        "owner": "tomodachi94",
        "repo": "nur-packages",
        "rev": "84dd3cd3e568775028260d2af13aadd665d1f9de",
        "type": "github"
      },
      "original": {
        "owner": "tomodachi94",
        "repo": "nur-packages",
        "type": "github"
      }
    }
  },
  "root": "root",
  "version": 7
}
