{
  "nodes": {
    "home-manager": {
      "inputs": {
        "nixpkgs": [
          "nixpkgs"
        ]
      },
      "locked": {
        "lastModified": 1686852570,
        "narHash": "sha256-Hzufya/HxjSliCwpuLJCGY0WCQajzcpsnhFGa+TCkCM=",
        "owner": "nix-community",
        "repo": "home-manager",
        "rev": "4e09c83255c5b23d58714d56672d3946faf1bcef",
        "type": "github"
      },
      "original": {
        "owner": "nix-community",
        "ref": "master",
        "repo": "home-manager",
        "type": "github"
      }
    },
    "nixpkgs": {
      "locked": {
        "lastModified": 1686828063,
        "narHash": "sha256-Cv0Sx1N5+3xBDF5OnmFU3Qoh9OqZmXDBKg1fgXlXTWs=",
        "owner": "nixos",
        "repo": "nixpkgs",
        "rev": "683f2f5ba2ea54abb633d0b17bc9f7f6dede5799",
        "type": "github"
      },
      "original": {
        "owner": "nixos",
        "ref": "nixpkgs-unstable",
        "repo": "nixpkgs",
        "type": "github"
      }
    },
    "nur": {
      "locked": {
        "lastModified": 1686894171,
        "narHash": "sha256-QyEdSgyOdSGM3kS6N/r+0i47VbeZI41OZik37ipkQBs=",
        "owner": "nix-community",
        "repo": "nur",
        "rev": "1c14e580cdf9e778d76a15ff13d6d302da628a30",
        "type": "github"
      },
      "original": {
        "owner": "nix-community",
        "repo": "nur",
        "type": "github"
      }
    },
    "root": {
      "inputs": {
        "home-manager": "home-manager",
        "nixpkgs": "nixpkgs",
        "nur": "nur",
        "tomodachi94": "tomodachi94"
      }
    },
    "tomodachi94": {
      "inputs": {
        "nixpkgs": [
          "nixpkgs"
        ]
      },
      "locked": {
        "lastModified": 1686539685,
        "narHash": "sha256-WWw+wnw/c60WR510ypo0BjT1kn2T0pfI9mVllp721A8=",
        "owner": "tomodachi94",
        "repo": "nur-packages",
        "rev": "1387802aa739e350e4d4698640bc21f83f1b765c",
        "type": "github"
      },
      "original": {
        "owner": "tomodachi94",
        "repo": "nur-packages",
        "type": "github"
      }
    }
  },
  "root": "root",
  "version": 7
}
