{
  "nodes": {
    "home-manager": {
      "inputs": {
        "nixpkgs": [
          "nixpkgs"
        ]
      },
      "locked": {
        "lastModified": 1686168915,
        "narHash": "sha256-zV5lh3PGKcI8W7+5bXSRsCetfsi6x10Xvojpk5HAQHU=",
        "owner": "nix-community",
        "repo": "home-manager",
        "rev": "cc6745b35fefe48624ebf573382e1e0e4a6fe85e",
        "type": "github"
      },
      "original": {
        "owner": "nix-community",
        "ref": "master",
        "repo": "home-manager",
        "type": "github"
      }
    },
    "nixpkgs": {
      "locked": {
        "lastModified": 1686089707,
        "narHash": "sha256-LTNlJcru2qJ0XhlhG9Acp5KyjB774Pza3tRH0pKIb3o=",
        "owner": "nixos",
        "repo": "nixpkgs",
        "rev": "af21c31b2a1ec5d361ed8050edd0303c31306397",
        "type": "github"
      },
      "original": {
        "owner": "nixos",
        "ref": "nixpkgs-unstable",
        "repo": "nixpkgs",
        "type": "github"
      }
    },
    "nur": {
      "locked": {
        "lastModified": 1686180313,
        "narHash": "sha256-pWGL9DCLbfIIb4M/WWuDFkT4qE++BNiqijgZ8ZEx1FI=",
        "owner": "nix-community",
        "repo": "nur",
        "rev": "46b8a6d3d06f283b54775e5a504f6b59dd30312d",
        "type": "github"
      },
      "original": {
        "owner": "nix-community",
        "repo": "nur",
        "type": "github"
      }
    },
    "root": {
      "inputs": {
        "home-manager": "home-manager",
        "nixpkgs": "nixpkgs",
        "nur": "nur",
        "tomodachi94": "tomodachi94"
      }
    },
    "tomodachi94": {
      "inputs": {
        "nixpkgs": [
          "nixpkgs"
        ]
      },
      "locked": {
        "lastModified": 1685845017,
        "narHash": "sha256-qb3vg6eY1nOZwTtOZBu82Q7qXeSib5yFruZhstdoG4w=",
        "owner": "tomodachi94",
        "repo": "nur-packages",
        "rev": "e6feaf4032562be3b1f1da4f1f3d4c29561d2941",
        "type": "github"
      },
      "original": {
        "owner": "tomodachi94",
        "repo": "nur-packages",
        "type": "github"
      }
    }
  },
  "root": "root",
  "version": 7
}
